// !$*UTF8*$!
{
	archiveVersion = 1;
	classes = {
	};
	objectVersion = 50;
	objects = {

/* Begin PBXBuildFile section */
		F4AED66824C0DD8200421C7F /* AppDelegate.swift in Sources */ = {isa = PBXBuildFile; fileRef = F4AED66724C0DD8200421C7F /* AppDelegate.swift */; };
		F4AED66A24C0DD8200421C7F /* SceneDelegate.swift in Sources */ = {isa = PBXBuildFile; fileRef = F4AED66924C0DD8200421C7F /* SceneDelegate.swift */; };
		F4AED66C24C0DD8200421C7F /* ContentView.swift in Sources */ = {isa = PBXBuildFile; fileRef = F4AED66B24C0DD8200421C7F /* ContentView.swift */; };
		F4AED66E24C0DD8400421C7F /* Assets.xcassets in Resources */ = {isa = PBXBuildFile; fileRef = F4AED66D24C0DD8400421C7F /* Assets.xcassets */; };
		F4AED67124C0DD8400421C7F /* Preview Assets.xcassets in Resources */ = {isa = PBXBuildFile; fileRef = F4AED67024C0DD8400421C7F /* Preview Assets.xcassets */; };
		F4AED67424C0DD8400421C7F /* LaunchScreen.storyboard in Resources */ = {isa = PBXBuildFile; fileRef = F4AED67224C0DD8400421C7F /* LaunchScreen.storyboard */; };
		F4AED67D24C0E2C800421C7F /* NetworkManager.swift in Sources */ = {isa = PBXBuildFile; fileRef = F4AED67C24C0E2C800421C7F /* NetworkManager.swift */; };
		F4AED67F24C0E3B800421C7F /* PostData.swift in Sources */ = {isa = PBXBuildFile; fileRef = F4AED67E24C0E3B800421C7F /* PostData.swift */; };
		F4AED68424C0EA7700421C7F /* DetailView.swift in Sources */ = {isa = PBXBuildFile; fileRef = F4AED68324C0EA7700421C7F /* DetailView.swift */; };
/* End PBXBuildFile section */

/* Begin PBXFileReference section */
		F4AED66424C0DD8200421C7F /* HN Reader.app */ = {isa = PBXFileReference; explicitFileType = wrapper.application; includeInIndex = 0; path = "HN Reader.app"; sourceTree = BUILT_PRODUCTS_DIR; };
		F4AED66724C0DD8200421C7F /* AppDelegate.swift */ = {isa = PBXFileReference; lastKnownFileType = sourcecode.swift; path = AppDelegate.swift; sourceTree = "<group>"; };
		F4AED66924C0DD8200421C7F /* SceneDelegate.swift */ = {isa = PBXFileReference; lastKnownFileType = sourcecode.swift; path = SceneDelegate.swift; sourceTree = "<group>"; };
		F4AED66B24C0DD8200421C7F /* ContentView.swift */ = {isa = PBXFileReference; lastKnownFileType = sourcecode.swift; path = ContentView.swift; sourceTree = "<group>"; };
		F4AED66D24C0DD8400421C7F /* Assets.xcassets */ = {isa = PBXFileReference; lastKnownFileType = folder.assetcatalog; path = Assets.xcassets; sourceTree = "<group>"; };
		F4AED67024C0DD8400421C7F /* Preview Assets.xcassets */ = {isa = PBXFileReference; lastKnownFileType = folder.assetcatalog; path = "Preview Assets.xcassets"; sourceTree = "<group>"; };
		F4AED67324C0DD8400421C7F /* Base */ = {isa = PBXFileReference; lastKnownFileType = file.storyboard; name = Base; path = Base.lproj/LaunchScreen.storyboard; sourceTree = "<group>"; };
		F4AED67524C0DD8400421C7F /* Info.plist */ = {isa = PBXFileReference; lastKnownFileType = text.plist.xml; path = Info.plist; sourceTree = "<group>"; };
		F4AED67C24C0E2C800421C7F /* NetworkManager.swift */ = {isa = PBXFileReference; lastKnownFileType = sourcecode.swift; path = NetworkManager.swift; sourceTree = "<group>"; };
		F4AED67E24C0E3B800421C7F /* PostData.swift */ = {isa = PBXFileReference; lastKnownFileType = sourcecode.swift; path = PostData.swift; sourceTree = "<group>"; };
		F4AED68324C0EA7700421C7F /* DetailView.swift */ = {isa = PBXFileReference; lastKnownFileType = sourcecode.swift; path = DetailView.swift; sourceTree = "<group>"; };
/* End PBXFileReference section */

/* Begin PBXFrameworksBuildPhase section */
		F4AED66124C0DD8200421C7F /* Frameworks */ = {
			isa = PBXFrameworksBuildPhase;
			buildActionMask = 2147483647;
			files = (
			);
			runOnlyForDeploymentPostprocessing = 0;
		};
/* End PBXFrameworksBuildPhase section */

/* Begin PBXGroup section */
		F4AED65B24C0DD8200421C7F = {
			isa = PBXGroup;
			children = (
				F4AED66624C0DD8200421C7F /* HN Reader */,
				F4AED66524C0DD8200421C7F /* Products */,
			);
			sourceTree = "<group>";
		};
		F4AED66524C0DD8200421C7F /* Products */ = {
			isa = PBXGroup;
			children = (
				F4AED66424C0DD8200421C7F /* HN Reader.app */,
			);
			name = Products;
			sourceTree = "<group>";
		};
		F4AED66624C0DD8200421C7F /* HN Reader */ = {
			isa = PBXGroup;
			children = (
				F4AED67B24C0E2B400421C7F /* Models */,
				F4AED66724C0DD8200421C7F /* AppDelegate.swift */,
				F4AED66924C0DD8200421C7F /* SceneDelegate.swift */,
				F4AED68024C0EA1C00421C7F /* Views */,
				F4AED66D24C0DD8400421C7F /* Assets.xcassets */,
				F4AED67224C0DD8400421C7F /* LaunchScreen.storyboard */,
				F4AED67524C0DD8400421C7F /* Info.plist */,
				F4AED66F24C0DD8400421C7F /* Preview Content */,
			);
			path = "HN Reader";
			sourceTree = "<group>";
		};
		F4AED66F24C0DD8400421C7F /* Preview Content */ = {
			isa = PBXGroup;
			children = (
				F4AED67024C0DD8400421C7F /* Preview Assets.xcassets */,
			);
			path = "Preview Content";
			sourceTree = "<group>";
		};
		F4AED67B24C0E2B400421C7F /* Models */ = {
			isa = PBXGroup;
			children = (
				F4AED67C24C0E2C800421C7F /* NetworkManager.swift */,
				F4AED67E24C0E3B800421C7F /* PostData.swift */,
			);
			path = Models;
			sourceTree = "<group>";
		};
		F4AED68024C0EA1C00421C7F /* Views */ = {
			isa = PBXGroup;
			children = (
				F4AED66B24C0DD8200421C7F /* ContentView.swift */,
				F4AED68324C0EA7700421C7F /* DetailView.swift */,
			);
			path = Views;
			sourceTree = "<group>";
		};
/* End PBXGroup section */

/* Begin PBXNativeTarget section */
		F4AED66324C0DD8200421C7F /* HN Reader */ = {
			isa = PBXNativeTarget;
			buildConfigurationList = F4AED67824C0DD8400421C7F /* Build configuration list for PBXNativeTarget "HN Reader" */;
			buildPhases = (
				F4AED66024C0DD8200421C7F /* Sources */,
				F4AED66124C0DD8200421C7F /* Frameworks */,
				F4AED66224C0DD8200421C7F /* Resources */,
			);
			buildRules = (
			);
			dependencies = (
			);
			name = "HN Reader";
			productName = "HN Reader";
			productReference = F4AED66424C0DD8200421C7F /* HN Reader.app */;
			productType = "com.apple.product-type.application";
		};
/* End PBXNativeTarget section */

/* Begin PBXProject section */
		F4AED65C24C0DD8200421C7F /* Project object */ = {
			isa = PBXProject;
			attributes = {
				LastSwiftUpdateCheck = 1160;
				LastUpgradeCheck = 1160;
				ORGANIZATIONNAME = "Peggy Wollenhaupt";
				TargetAttributes = {
					F4AED66324C0DD8200421C7F = {
						CreatedOnToolsVersion = 11.6;
					};
				};
			};
			buildConfigurationList = F4AED65F24C0DD8200421C7F /* Build configuration list for PBXProject "HN Reader" */;
			compatibilityVersion = "Xcode 9.3";
			developmentRegion = en;
			hasScannedForEncodings = 0;
			knownRegions = (
				en,
				Base,
			);
			mainGroup = F4AED65B24C0DD8200421C7F;
			productRefGroup = F4AED66524C0DD8200421C7F /* Products */;
			projectDirPath = "";
			projectRoot = "";
			targets = (
				F4AED66324C0DD8200421C7F /* HN Reader */,
			);
		};
/* End PBXProject section */

/* Begin PBXResourcesBuildPhase section */
		F4AED66224C0DD8200421C7F /* Resources */ = {
			isa = PBXResourcesBuildPhase;
			buildActionMask = 2147483647;
			files = (
				F4AED67424C0DD8400421C7F /* LaunchScreen.storyboard in Resources */,
				F4AED67124C0DD8400421C7F /* Preview Assets.xcassets in Resources */,
				F4AED66E24C0DD8400421C7F /* Assets.xcassets in Resources */,
			);
			runOnlyForDeploymentPostprocessing = 0;
		};
/* End PBXResourcesBuildPhase section */

/* Begin PBXSourcesBuildPhase section */
		F4AED66024C0DD8200421C7F /* Sources */ = {
			isa = PBXSourcesBuildPhase;
			buildActionMask = 2147483647;
			files = (
				F4AED67F24C0E3B800421C7F /* PostData.swift in Sources */,
				F4AED68424C0EA7700421C7F /* DetailView.swift in Sources */,
				F4AED67D24C0E2C800421C7F /* NetworkManager.swift in Sources */,
				F4AED66824C0DD8200421C7F /* AppDelegate.swift in Sources */,
				F4AED66A24C0DD8200421C7F /* SceneDelegate.swift in Sources */,
				F4AED66C24C0DD8200421C7F /* ContentView.swift in Sources */,
			);
			runOnlyForDeploymentPostprocessing = 0;
		};
/* End PBXSourcesBuildPhase section */

/* Begin PBXVariantGroup section */
		F4AED67224C0DD8400421C7F /* LaunchScreen.storyboard */ = {
			isa = PBXVariantGroup;
			children = (
				F4AED67324C0DD8400421C7F /* Base */,
			);
			name = LaunchScreen.storyboard;
			sourceTree = "<group>";
		};
/* End PBXVariantGroup section */

/* Begin XCBuildConfiguration section */
		F4AED67624C0DD8400421C7F /* Debug */ = {
			isa = XCBuildConfiguration;
			buildSettings = {
				ALWAYS_SEARCH_USER_PATHS = NO;
				CLANG_ANALYZER_NONNULL = YES;
				CLANG_ANALYZER_NUMBER_OBJECT_CONVERSION = YES_AGGRESSIVE;
				CLANG_CXX_LANGUAGE_STANDARD = "gnu++14";
				CLANG_CXX_LIBRARY = "libc++";
				CLANG_ENABLE_MODULES = YES;
				CLANG_ENABLE_OBJC_ARC = YES;
				CLANG_ENABLE_OBJC_WEAK = YES;
				CLANG_WARN_BLOCK_CAPTURE_AUTORELEASING = YES;
				CLANG_WARN_BOOL_CONVERSION = YES;
				CLANG_WARN_COMMA = YES;
				CLANG_WARN_CONSTANT_CONVERSION = YES;
				CLANG_WARN_DEPRECATED_OBJC_IMPLEMENTATIONS = YES;
				CLANG_WARN_DIRECT_OBJC_ISA_USAGE = YES_ERROR;
				CLANG_WARN_DOCUMENTATION_COMMENTS = YES;
				CLANG_WARN_EMPTY_BODY = YES;
				CLANG_WARN_ENUM_CONVERSION = YES;
				CLANG_WARN_INFINITE_RECURSION = YES;
				CLANG_WARN_INT_CONVERSION = YES;
				CLANG_WARN_NON_LITERAL_NULL_CONVERSION = YES;
				CLANG_WARN_OBJC_IMPLICIT_RETAIN_SELF = YES;
				CLANG_WARN_OBJC_LITERAL_CONVERSION = YES;
				CLANG_WARN_OBJC_ROOT_CLASS = YES_ERROR;
				CLANG_WARN_RANGE_LOOP_ANALYSIS = YES;
				CLANG_WARN_STRICT_PROTOTYPES = YES;
				CLANG_WARN_SUSPICIOUS_MOVE = YES;
				CLANG_WARN_UNGUARDED_AVAILABILITY = YES_AGGRESSIVE;
				CLANG_WARN_UNREACHABLE_CODE = YES;
				CLANG_WARN__DUPLICATE_METHOD_MATCH = YES;
				COPY_PHASE_STRIP = NO;
				DEBUG_INFORMATION_FORMAT = dwarf;
				ENABLE_STRICT_OBJC_MSGSEND = YES;
				ENABLE_TESTABILITY = YES;
				GCC_C_LANGUAGE_STANDARD = gnu11;
				GCC_DYNAMIC_NO_PIC = NO;
				GCC_NO_COMMON_BLOCKS = YES;
				GCC_OPTIMIZATION_LEVEL = 0;
				GCC_PREPROCESSOR_DEFINITIONS = (
					"DEBUG=1",
					"$(inherited)",
				);
				GCC_WARN_64_TO_32_BIT_CONVERSION = YES;
				GCC_WARN_ABOUT_RETURN_TYPE = YES_ERROR;
				GCC_WARN_UNDECLARED_SELECTOR = YES;
				GCC_WARN_UNINITIALIZED_AUTOS = YES_AGGRESSIVE;
				GCC_WARN_UNUSED_FUNCTION = YES;
				GCC_WARN_UNUSED_VARIABLE = YES;
				IPHONEOS_DEPLOYMENT_TARGET = 13.6;
				MTL_ENABLE_DEBUG_INFO = INCLUDE_SOURCE;
				MTL_FAST_MATH = YES;
				ONLY_ACTIVE_ARCH = YES;
				SDKROOT = iphoneos;
				SWIFT_ACTIVE_COMPILATION_CONDITIONS = DEBUG;
				SWIFT_OPTIMIZATION_LEVEL = "-Onone";
			};
			name = Debug;
		};
		F4AED67724C0DD8400421C7F /* Release */ = {
			isa = XCBuildConfiguration;
			buildSettings = {
				ALWAYS_SEARCH_USER_PATHS = NO;
				CLANG_ANALYZER_NONNULL = YES;
				CLANG_ANALYZER_NUMBER_OBJECT_CONVERSION = YES_AGGRESSIVE;
				CLANG_CXX_LANGUAGE_STANDARD = "gnu++14";
				CLANG_CXX_LIBRARY = "libc++";
				CLANG_ENABLE_MODULES = YES;
				CLANG_ENABLE_OBJC_ARC = YES;
				CLANG_ENABLE_OBJC_WEAK = YES;
				CLANG_WARN_BLOCK_CAPTURE_AUTORELEASING = YES;
				CLANG_WARN_BOOL_CONVERSION = YES;
				CLANG_WARN_COMMA = YES;
				CLANG_WARN_CONSTANT_CONVERSION = YES;
				CLANG_WARN_DEPRECATED_OBJC_IMPLEMENTATIONS = YES;
				CLANG_WARN_DIRECT_OBJC_ISA_USAGE = YES_ERROR;
				CLANG_WARN_DOCUMENTATION_COMMENTS = YES;
				CLANG_WARN_EMPTY_BODY = YES;
				CLANG_WARN_ENUM_CONVERSION = YES;
				CLANG_WARN_INFINITE_RECURSION = YES;
				CLANG_WARN_INT_CONVERSION = YES;
				CLANG_WARN_NON_LITERAL_NULL_CONVERSION = YES;
				CLANG_WARN_OBJC_IMPLICIT_RETAIN_SELF = YES;
				CLANG_WARN_OBJC_LITERAL_CONVERSION = YES;
				CLANG_WARN_OBJC_ROOT_CLASS = YES_ERROR;
				CLANG_WARN_RANGE_LOOP_ANALYSIS = YES;
				CLANG_WARN_STRICT_PROTOTYPES = YES;
				CLANG_WARN_SUSPICIOUS_MOVE = YES;
				CLANG_WARN_UNGUARDED_AVAILABILITY = YES_AGGRESSIVE;
				CLANG_WARN_UNREACHABLE_CODE = YES;
				CLANG_WARN__DUPLICATE_METHOD_MATCH = YES;
				COPY_PHASE_STRIP = NO;
				DEBUG_INFORMATION_FORMAT = "dwarf-with-dsym";
				ENABLE_NS_ASSERTIONS = NO;
				ENABLE_STRICT_OBJC_MSGSEND = YES;
				GCC_C_LANGUAGE_STANDARD = gnu11;
				GCC_NO_COMMON_BLOCKS = YES;
				GCC_WARN_64_TO_32_BIT_CONVERSION = YES;
				GCC_WARN_ABOUT_RETURN_TYPE = YES_ERROR;
				GCC_WARN_UNDECLARED_SELECTOR = YES;
				GCC_WARN_UNINITIALIZED_AUTOS = YES_AGGRESSIVE;
				GCC_WARN_UNUSED_FUNCTION = YES;
				GCC_WARN_UNUSED_VARIABLE = YES;
				IPHONEOS_DEPLOYMENT_TARGET = 13.6;
				MTL_ENABLE_DEBUG_INFO = NO;
				MTL_FAST_MATH = YES;
				SDKROOT = iphoneos;
				SWIFT_COMPILATION_MODE = wholemodule;
				SWIFT_OPTIMIZATION_LEVEL = "-O";
				VALIDATE_PRODUCT = YES;
			};
			name = Release;
		};
		F4AED67924C0DD8400421C7F /* Debug */ = {
			isa = XCBuildConfiguration;
			buildSettings = {
				ASSETCATALOG_COMPILER_APPICON_NAME = AppIcon;
				CODE_SIGN_STYLE = Automatic;
				DEVELOPMENT_ASSET_PATHS = "\"HN Reader/Preview Content\"";
				DEVELOPMENT_TEAM = AWA886HZ93;
				ENABLE_PREVIEWS = YES;
				INFOPLIST_FILE = "HN Reader/Info.plist";
				LD_RUNPATH_SEARCH_PATHS = (
					"$(inherited)",
					"@executable_path/Frameworks",
				);
				PRODUCT_BUNDLE_IDENTIFIER = "com.PeggyWollenhaupt.HN-Reader";
				PRODUCT_NAME = "$(TARGET_NAME)";
				SWIFT_VERSION = 5.0;
				TARGETED_DEVICE_FAMILY = "1,2";
			};
			name = Debug;
		};
		F4AED67A24C0DD8400421C7F /* Release */ = {
			isa = XCBuildConfiguration;
			buildSettings = {
				ASSETCATALOG_COMPILER_APPICON_NAME = AppIcon;
				CODE_SIGN_STYLE = Automatic;
				DEVELOPMENT_ASSET_PATHS = "\"HN Reader/Preview Content\"";
				DEVELOPMENT_TEAM = AWA886HZ93;
				ENABLE_PREVIEWS = YES;
				INFOPLIST_FILE = "HN Reader/Info.plist";
				LD_RUNPATH_SEARCH_PATHS = (
					"$(inherited)",
					"@executable_path/Frameworks",
				);
				PRODUCT_BUNDLE_IDENTIFIER = "com.PeggyWollenhaupt.HN-Reader";
				PRODUCT_NAME = "$(TARGET_NAME)";
				SWIFT_VERSION = 5.0;
				TARGETED_DEVICE_FAMILY = "1,2";
			};
			name = Release;
		};
/* End XCBuildConfiguration section */

/* Begin XCConfigurationList section */
		F4AED65F24C0DD8200421C7F /* Build configuration list for PBXProject "HN Reader" */ = {
			isa = XCConfigurationList;
			buildConfigurations = (
				F4AED67624C0DD8400421C7F /* Debug */,
				F4AED67724C0DD8400421C7F /* Release */,
			);
			defaultConfigurationIsVisible = 0;
			defaultConfigurationName = Release;
		};
		F4AED67824C0DD8400421C7F /* Build configuration list for PBXNativeTarget "HN Reader" */ = {
			isa = XCConfigurationList;
			buildConfigurations = (
				F4AED67924C0DD8400421C7F /* Debug */,
				F4AED67A24C0DD8400421C7F /* Release */,
			);
			defaultConfigurationIsVisible = 0;
			defaultConfigurationName = Release;
		};
/* End XCConfigurationList section */
	};
	rootObject = F4AED65C24C0DD8200421C7F /* Project object */;
}
